
Microsoft Visual Studio Solution File, Format Version 12.00
# Visual Studio Version 17
VisualStudioVersion = 17.1.32414.318
MinimumVisualStudioVersion = 10.0.40219.1
Project("{9A19103F-16F7-4668-BE54-9A1E7A4F7556}") = "BeatTogether.LiteNetLib", "BeatTogether.LiteNetLib\BeatTogether.LiteNetLib.csproj", "{9EB57C40-309B-461B-A7F4-24EC4C8EE21A}"
EndProject
Project("{9A19103F-16F7-4668-BE54-9A1E7A4F7556}") = "BeatTogether.LiteNetLib.Tests", "BeatTogether.LiteNetLib.Tests\BeatTogether.LiteNetLib.Tests.csproj", "{AD7F1452-49FB-4B36-BC76-5CF6C21618CB}"
EndProject
Project("{9A19103F-16F7-4668-BE54-9A1E7A4F7556}") = "BeatTogether.LNLTest", "BeatTogether.LNLTest\BeatTogether.LNLTest.csproj", "{37EC816E-A3C4-43F9-B5BE-122E316EDC67}"
EndProject
Project("{2150E333-8FDC-42A3-9474-1A3956D46DE8}") = "dependencies", "dependencies", "{F9B0ABC8-1722-48E7-8EA2-7BB6FC61820D}"
EndProject
Project("{9A19103F-16F7-4668-BE54-9A1E7A4F7556}") = "AsyncUdpServer", "dependencies\AsyncUdpServer\AsyncUdpServer\AsyncUdpServer.csproj", "{1FFC0239-1C16-4BD8-B392-9E31D2753F14}"
EndProject
Global
	GlobalSection(SolutionConfigurationPlatforms) = preSolution
		Debug|Any CPU = Debug|Any CPU
		Release|Any CPU = Release|Any CPU
	EndGlobalSection
	GlobalSection(ProjectConfigurationPlatforms) = postSolution
		{9EB57C40-309B-461B-A7F4-24EC4C8EE21A}.Debug|Any CPU.ActiveCfg = Debug|Any CPU
		{9EB57C40-309B-461B-A7F4-24EC4C8EE21A}.Debug|Any CPU.Build.0 = Debug|Any CPU
		{9EB57C40-309B-461B-A7F4-24EC4C8EE21A}.Release|Any CPU.ActiveCfg = Release|Any CPU
		{9EB57C40-309B-461B-A7F4-24EC4C8EE21A}.Release|Any CPU.Build.0 = Release|Any CPU
		{AD7F1452-49FB-4B36-BC76-5CF6C21618CB}.Debug|Any CPU.ActiveCfg = Debug|Any CPU
		{AD7F1452-49FB-4B36-BC76-5CF6C21618CB}.Debug|Any CPU.Build.0 = Debug|Any CPU
		{AD7F1452-49FB-4B36-BC76-5CF6C21618CB}.Release|Any CPU.ActiveCfg = Release|Any CPU
		{AD7F1452-49FB-4B36-BC76-5CF6C21618CB}.Release|Any CPU.Build.0 = Release|Any CPU
		{37EC816E-A3C4-43F9-B5BE-122E316EDC67}.Debug|Any CPU.ActiveCfg = Debug|Any CPU
		{37EC816E-A3C4-43F9-B5BE-122E316EDC67}.Debug|Any CPU.Build.0 = Debug|Any CPU
		{37EC816E-A3C4-43F9-B5BE-122E316EDC67}.Release|Any CPU.ActiveCfg = Release|Any CPU
		{37EC816E-A3C4-43F9-B5BE-122E316EDC67}.Release|Any CPU.Build.0 = Release|Any CPU
		{1FFC0239-1C16-4BD8-B392-9E31D2753F14}.Debug|Any CPU.ActiveCfg = Debug|Any CPU
		{1FFC0239-1C16-4BD8-B392-9E31D2753F14}.Debug|Any CPU.Build.0 = Debug|Any CPU
		{1FFC0239-1C16-4BD8-B392-9E31D2753F14}.Release|Any CPU.ActiveCfg = Release|Any CPU
		{1FFC0239-1C16-4BD8-B392-9E31D2753F14}.Release|Any CPU.Build.0 = Release|Any CPU
	EndGlobalSection
	GlobalSection(SolutionProperties) = preSolution
		HideSolutionNode = FALSE
	EndGlobalSection
	GlobalSection(NestedProjects) = preSolution
		{1FFC0239-1C16-4BD8-B392-9E31D2753F14} = {F9B0ABC8-1722-48E7-8EA2-7BB6FC61820D}
	EndGlobalSection
	GlobalSection(ExtensibilityGlobals) = postSolution
		SolutionGuid = {3047F9A3-8F7F-403D-87ED-9CB274A0D683}
	EndGlobalSection
EndGlobal
